
Microsoft Visual Studio Solution File, Format Version 12.00
# Visual Studio 15
VisualStudioVersion = 15.0.28307.168
MinimumVisualStudioVersion = 10.0.40219.1
Project("{FAE04EC0-301F-11D3-BF4B-00C04F79EFBC}") = "AdventureGame", "AdventureGame\AdventureGame.csproj", "{6B323A9E-D6D7-442D-BE7E-48A9E55114F9}"
EndProject
Global
	GlobalSection(SolutionConfigurationPlatforms) = preSolution
		Debug|Any CPU = Debug|Any CPU
		Release|Any CPU = Release|Any CPU
	EndGlobalSection
	GlobalSection(ProjectConfigurationPlatforms) = postSolution
		{6B323A9E-D6D7-442D-BE7E-48A9E55114F9}.Debug|Any CPU.ActiveCfg = Debug|Any CPU
		{6B323A9E-D6D7-442D-BE7E-48A9E55114F9}.Debug|Any CPU.Build.0 = Debug|Any CPU
		{6B323A9E-D6D7-442D-BE7E-48A9E55114F9}.Release|Any CPU.ActiveCfg = Release|Any CPU
		{6B323A9E-D6D7-442D-BE7E-48A9E55114F9}.Release|Any CPU.Build.0 = Release|Any CPU
	EndGlobalSection
	GlobalSection(SolutionProperties) = preSolution
		HideSolutionNode = FALSE
	EndGlobalSection
	GlobalSection(ExtensibilityGlobals) = postSolution
		SolutionGuid = {BEFF45FC-DCEA-49AA-8581-F81FD8CBC29E}
	EndGlobalSection
EndGlobal
